
Microsoft Visual Studio Solution File, Format Version 12.00
# Visual Studio Version 16
VisualStudioVersion = 16.0.31205.134
MinimumVisualStudioVersion = 10.0.40219.1
Project("{FAE04EC0-301F-11D3-BF4B-00C04F79EFBC}") = "Predict Employee Salary", "Predict Employee Salary\Predict Employee Salary.csproj", "{655D390E-DE74-4F21-9124-B9C4924B5E6C}"
EndProject
Global
	GlobalSection(SolutionConfigurationPlatforms) = preSolution
		Debug|Any CPU = Debug|Any CPU
		Release|Any CPU = Release|Any CPU
	EndGlobalSection
	GlobalSection(ProjectConfigurationPlatforms) = postSolution
		{655D390E-DE74-4F21-9124-B9C4924B5E6C}.Debug|Any CPU.ActiveCfg = Debug|Any CPU
		{655D390E-DE74-4F21-9124-B9C4924B5E6C}.Debug|Any CPU.Build.0 = Debug|Any CPU
		{655D390E-DE74-4F21-9124-B9C4924B5E6C}.Release|Any CPU.ActiveCfg = Release|Any CPU
		{655D390E-DE74-4F21-9124-B9C4924B5E6C}.Release|Any CPU.Build.0 = Release|Any CPU
	EndGlobalSection
	GlobalSection(SolutionProperties) = preSolution
		HideSolutionNode = FALSE
	EndGlobalSection
	GlobalSection(ExtensibilityGlobals) = postSolution
		SolutionGuid = {8D630971-0966-4812-A001-6EC8ECF110E9}
	EndGlobalSection
EndGlobal
